{
  "object": {
    "pins": [
      {
        "package": "Socket",
        "repositoryURL": "https://github.com/Kitura/BlueSocket.git",
        "state": {
          "branch": null,
          "revision": "270f7bd2ea9d81878022d604f4f3577ce6c1703d",
          "version": "2.0.3"
        }
      },
      {
        "package": "SSLService",
        "repositoryURL": "https://github.com/kkieffer/BlueSSLService.git",
        "state": {
          "branch": "master",
          "revision": "17a05856ef35530fa8bb31b5a7de8c3e08c6e33e",
          "version": null
        }
      }
    ]
  },
  "version": 1
}
